PODS:
  - applovin_max (4.6.4):
    - AppLovinSDK (= 13.6.3)
    - Flutter
  - AppLovinSDK (13.6.3)
  - FBAudienceNetwork (6.21.1)
  - Flutter (1.0.0)
  - flutter_foreground_task (0.0.1):
    - Flutter
  - flutter_screen_recording (0.0.1):
    - Flutter
  - Google-Mobile-Ads-SDK (13.2.0):
    - GoogleUserMessagingPlatform (>= 1.1)
  - google_mobile_ads (8.0.0):
    - Flutter
    - Google-Mobile-Ads-SDK (~> 13.2.0)
    - webview_flutter_wkwebview
  - GoogleUserMessagingPlatform (3.1.0)
  - multiads (0.0.1):
    - FBAudienceNetwork
    - Flutter
  - photo_manager (3.9.0):
    - Flutter
    - FlutterMacOS
  - share_plus (0.0.1):
    - Flutter
  - shared_preferences_foundation (0.0.1):
    - Flutter
    - FlutterMacOS
  - url_launcher_ios (0.0.1):
    - Flutter
  - video_player_avfoundation (0.0.1):
    - Flutter
    - FlutterMacOS
  - webview_flutter_wkwebview (0.0.1):
    - Flutter
    - FlutterMacOS

DEPENDENCIES:
  - applovin_max (from `.symlinks/plugins/applovin_max/ios`)
  - Flutter (from `Flutter`)
  - flutter_foreground_task (from `.symlinks/plugins/flutter_foreground_task/ios`)
  - flutter_screen_recording (from `.symlinks/plugins/flutter_screen_recording/ios`)
  - google_mobile_ads (from `.symlinks/plugins/google_mobile_ads/ios`)
  - multiads (from `.symlinks/plugins/multiads/ios`)
  - photo_manager (from `.symlinks/plugins/photo_manager/darwin`)
  - share_plus (from `.symlinks/plugins/share_plus/ios`)
  - shared_preferences_foundation (from `.symlinks/plugins/shared_preferences_foundation/darwin`)
  - url_launcher_ios (from `.symlinks/plugins/url_launcher_ios/ios`)
  - video_player_avfoundation (from `.symlinks/plugins/video_player_avfoundation/darwin`)
  - webview_flutter_wkwebview (from `.symlinks/plugins/webview_flutter_wkwebview/darwin`)

SPEC REPOS:
  trunk:
    - AppLovinSDK
    - FBAudienceNetwork
    - Google-Mobile-Ads-SDK
    - GoogleUserMessagingPlatform

EXTERNAL SOURCES:
  applovin_max:
    :path: ".symlinks/plugins/applovin_max/ios"
  Flutter:
    :path: Flutter
  flutter_foreground_task:
    :path: ".symlinks/plugins/flutter_foreground_task/ios"
  flutter_screen_recording:
    :path: ".symlinks/plugins/flutter_screen_recording/ios"
  google_mobile_ads:
    :path: ".symlinks/plugins/google_mobile_ads/ios"
  multiads:
    :path: ".symlinks/plugins/multiads/ios"
  photo_manager:
    :path: ".symlinks/plugins/photo_manager/darwin"
  share_plus:
    :path: ".symlinks/plugins/share_plus/ios"
  shared_preferences_foundation:
    :path: ".symlinks/plugins/shared_preferences_foundation/darwin"
  url_launcher_ios:
    :path: ".symlinks/plugins/url_launcher_ios/ios"
  video_player_avfoundation:
    :path: ".symlinks/plugins/video_player_avfoundation/darwin"
  webview_flutter_wkwebview:
    :path: ".symlinks/plugins/webview_flutter_wkwebview/darwin"

SPEC CHECKSUMS:
  applovin_max: 1347613044a72cbdf006bdbb6cf607cd6f32699f
  AppLovinSDK: f3da9503e8193d8c4badc1a9965d73a0779812fa
  FBAudienceNetwork: 85d18a65c9e35bc426bd4664cf3ae2a1172d7b60
  Flutter: cabc95a1d2626b1b06e7179b784ebcf0c0cde467
  flutter_foreground_task: 21ef182ab0a29a3005cc72cd70e5f45cb7f7f817
  flutter_screen_recording: f56d857cef9c6338f74909a15f60b3e5dc5ffb38
  Google-Mobile-Ads-SDK: f0365e190d66539c65cea8ded43e2c367abb5477
  google_mobile_ads: 504fb83892207cb9ab7223e13ad6090e6f63d62b
  GoogleUserMessagingPlatform: befe603da6501006420c206222acd449bba45a9c
  multiads: 0bea523bdae11533fb284b5fdd0c4fe827c90045
  photo_manager: d8a1055c2d3ee24fc300461c66e0defdec58b3d6
  share_plus: 8b6f8b3447e494cca5317c8c3073de39b3600d1f
  shared_preferences_foundation: 5086985c1d43c5ba4d5e69a4e8083a389e2909e6
  url_launcher_ios: bb13df5870e8c4234ca12609d04010a21be43dfa
  video_player_avfoundation: e54d03b3b19f64f2c557354f72ce538387541ba6
  webview_flutter_wkwebview: 29eb20d43355b48fe7d07113835b9128f84e3af4

PODFILE CHECKSUM: 3c63482e143d1b91d2d2560aee9fb04ecc74ac7e

COCOAPODS: 1.16.2
